
Microsoft Visual Studio Solution File, Format Version 12.00
# Visual Studio Version 17
VisualStudioVersion = 17.14.36414.22 d17.14
MinimumVisualStudioVersion = 10.0.40219.1
Project("{FAE04EC0-301F-11D3-BF4B-00C04F79EFBC}") = "SallaJo", "SallaJo.csproj", "{C0BEB108-ACD0-4FCF-B77E-EC59CDA8C184}"
EndProject
Project("{FAE04EC0-301F-11D3-BF4B-00C04F79EFBC}") = "Application", "..\Application\Application.csproj", "{5D79DF42-7692-4555-99D1-FC4ABC747872}"
EndProject
Project("{FAE04EC0-301F-11D3-BF4B-00C04F79EFBC}") = "Domain", "..\Domain\Domain.csproj", "{EC4FC3BB-09F1-43FF-BDBA-D939C1FA9823}"
EndProject
Project("{FAE04EC0-301F-11D3-BF4B-00C04F79EFBC}") = "Presentation", "..\Presentation\Presentation.csproj", "{179232AE-14A6-42A2-B567-D214DB31BC91}"
EndProject
Project("{FAE04EC0-301F-11D3-BF4B-00C04F79EFBC}") = "Infrastructure", "..\Infrastructure\Infrastructure.csproj", "{6949DA86-EB92-464D-9D37-F952C2A07A93}"
EndProject
Global
	GlobalSection(SolutionConfigurationPlatforms) = preSolution
		Debug|Any CPU = Debug|Any CPU
		Release|Any CPU = Release|Any CPU
	EndGlobalSection
	GlobalSection(ProjectConfigurationPlatforms) = postSolution
		{C0BEB108-ACD0-4FCF-B77E-EC59CDA8C184}.Debug|Any CPU.ActiveCfg = Debug|Any CPU
		{C0BEB108-ACD0-4FCF-B77E-EC59CDA8C184}.Debug|Any CPU.Build.0 = Debug|Any CPU
		{C0BEB108-ACD0-4FCF-B77E-EC59CDA8C184}.Release|Any CPU.ActiveCfg = Release|Any CPU
		{C0BEB108-ACD0-4FCF-B77E-EC59CDA8C184}.Release|Any CPU.Build.0 = Release|Any CPU
		{5D79DF42-7692-4555-99D1-FC4ABC747872}.Debug|Any CPU.ActiveCfg = Debug|Any CPU
		{5D79DF42-7692-4555-99D1-FC4ABC747872}.Debug|Any CPU.Build.0 = Debug|Any CPU
		{5D79DF42-7692-4555-99D1-FC4ABC747872}.Release|Any CPU.ActiveCfg = Release|Any CPU
		{5D79DF42-7692-4555-99D1-FC4ABC747872}.Release|Any CPU.Build.0 = Release|Any CPU
		{EC4FC3BB-09F1-43FF-BDBA-D939C1FA9823}.Debug|Any CPU.ActiveCfg = Debug|Any CPU
		{EC4FC3BB-09F1-43FF-BDBA-D939C1FA9823}.Debug|Any CPU.Build.0 = Debug|Any CPU
		{EC4FC3BB-09F1-43FF-BDBA-D939C1FA9823}.Release|Any CPU.ActiveCfg = Release|Any CPU
		{EC4FC3BB-09F1-43FF-BDBA-D939C1FA9823}.Release|Any CPU.Build.0 = Release|Any CPU
		{179232AE-14A6-42A2-B567-D214DB31BC91}.Debug|Any CPU.ActiveCfg = Debug|Any CPU
		{179232AE-14A6-42A2-B567-D214DB31BC91}.Debug|Any CPU.Build.0 = Debug|Any CPU
		{179232AE-14A6-42A2-B567-D214DB31BC91}.Release|Any CPU.ActiveCfg = Release|Any CPU
		{179232AE-14A6-42A2-B567-D214DB31BC91}.Release|Any CPU.Build.0 = Release|Any CPU
		{6949DA86-EB92-464D-9D37-F952C2A07A93}.Debug|Any CPU.ActiveCfg = Debug|Any CPU
		{6949DA86-EB92-464D-9D37-F952C2A07A93}.Debug|Any CPU.Build.0 = Debug|Any CPU
		{6949DA86-EB92-464D-9D37-F952C2A07A93}.Release|Any CPU.ActiveCfg = Release|Any CPU
		{6949DA86-EB92-464D-9D37-F952C2A07A93}.Release|Any CPU.Build.0 = Release|Any CPU
	EndGlobalSection
	GlobalSection(SolutionProperties) = preSolution
		HideSolutionNode = FALSE
	EndGlobalSection
	GlobalSection(ExtensibilityGlobals) = postSolution
		SolutionGuid = {43C7EB45-CFAB-4B63-9A0E-B4AAB371A8C3}
	EndGlobalSection
EndGlobal
